
Microsoft Visual Studio Solution File, Format Version 12.00
# Visual Studio 14
VisualStudioVersion = 14.0.25420.1
MinimumVisualStudioVersion = 10.0.40219.1
Project("{FAE04EC0-301F-11D3-BF4B-00C04F79EFBC}") = "GUI", "QL_Kho\GUI.csproj", "{C49F4EC2-1589-4FB9-9E32-FF714BD2E0A2}"
EndProject
Project("{FAE04EC0-301F-11D3-BF4B-00C04F79EFBC}") = "DAL", "DAL\DAL.csproj", "{252F5E69-12C3-4F97-BAC6-A6D9514C0E28}"
EndProject
Project("{FAE04EC0-301F-11D3-BF4B-00C04F79EFBC}") = "DTO", "GUI\DTO.csproj", "{CB7A579D-09E5-4FE6-ACB6-48566EB01F7B}"
EndProject
Global
	GlobalSection(SolutionConfigurationPlatforms) = preSolution
		Debug|Any CPU = Debug|Any CPU
		Release|Any CPU = Release|Any CPU
	EndGlobalSection
	GlobalSection(ProjectConfigurationPlatforms) = postSolution
		{C49F4EC2-1589-4FB9-9E32-FF714BD2E0A2}.Debug|Any CPU.ActiveCfg = Debug|Any CPU
		{C49F4EC2-1589-4FB9-9E32-FF714BD2E0A2}.Debug|Any CPU.Build.0 = Debug|Any CPU
		{C49F4EC2-1589-4FB9-9E32-FF714BD2E0A2}.Release|Any CPU.ActiveCfg = Release|Any CPU
		{C49F4EC2-1589-4FB9-9E32-FF714BD2E0A2}.Release|Any CPU.Build.0 = Release|Any CPU
		{252F5E69-12C3-4F97-BAC6-A6D9514C0E28}.Debug|Any CPU.ActiveCfg = Debug|Any CPU
		{252F5E69-12C3-4F97-BAC6-A6D9514C0E28}.Debug|Any CPU.Build.0 = Debug|Any CPU
		{252F5E69-12C3-4F97-BAC6-A6D9514C0E28}.Release|Any CPU.ActiveCfg = Release|Any CPU
		{252F5E69-12C3-4F97-BAC6-A6D9514C0E28}.Release|Any CPU.Build.0 = Release|Any CPU
		{CB7A579D-09E5-4FE6-ACB6-48566EB01F7B}.Debug|Any CPU.ActiveCfg = Debug|Any CPU
		{CB7A579D-09E5-4FE6-ACB6-48566EB01F7B}.Debug|Any CPU.Build.0 = Debug|Any CPU
		{CB7A579D-09E5-4FE6-ACB6-48566EB01F7B}.Release|Any CPU.ActiveCfg = Release|Any CPU
		{CB7A579D-09E5-4FE6-ACB6-48566EB01F7B}.Release|Any CPU.Build.0 = Release|Any CPU
	EndGlobalSection
	GlobalSection(SolutionProperties) = preSolution
		HideSolutionNode = FALSE
	EndGlobalSection
EndGlobal
